
Microsoft Visual Studio Solution File, Format Version 12.00
# Visual Studio 15
VisualStudioVersion = 15.0.28010.2036
MinimumVisualStudioVersion = 10.0.40219.1
Project("{2150E333-8FDC-42A3-9474-1A3956D46DE8}") = "Infrastructure", "Infrastructure", "{2A11DBF2-898E-4C9E-9188-9D6466F78345}"
EndProject
Project("{2150E333-8FDC-42A3-9474-1A3956D46DE8}") = "Hosting", "Hosting", "{23CFC9D7-3A3C-4072-9E67-8BB8A8BE2383}"
EndProject
Project("{2150E333-8FDC-42A3-9474-1A3956D46DE8}") = "DependencyContainer", "DependencyContainer", "{BD9511F6-42D7-4F04-825C-F2ACFA7A4DC0}"
EndProject
Project("{FAE04EC0-301F-11D3-BF4B-00C04F79EFBC}") = "DependencyContainerBuilder.Contract", "Infrastructure\DependencyContainer\DependencyContainerBuilder.Contract\DependencyContainerBuilder.Contract.csproj", "{9BF1599D-611B-48A5-B95A-AB2B8D9B33BE}"
EndProject
Project("{FAE04EC0-301F-11D3-BF4B-00C04F79EFBC}") = "DependencyContainerBuilder", "Infrastructure\DependencyContainer\DependencyContainerBuilder\DependencyContainerBuilder.csproj", "{44760286-25CF-4129-8282-4E139C8DFF27}"
EndProject
Project("{2150E333-8FDC-42A3-9474-1A3956D46DE8}") = "Exception", "Exception", "{E05298C1-CA2B-4062-9762-37EED6698CD2}"
EndProject
Project("{FAE04EC0-301F-11D3-BF4B-00C04F79EFBC}") = "Exception", "Infrastructure\Exception\Exception\Exception.csproj", "{B85FB4BF-2A4F-4DFA-98A8-F198171D6A6F}"
EndProject
Project("{2150E333-8FDC-42A3-9474-1A3956D46DE8}") = "Infrastructure", "Infrastructure", "{C8769490-3AFB-444E-8184-ACFE9C6B4C84}"
EndProject
Project("{2150E333-8FDC-42A3-9474-1A3956D46DE8}") = "Interception", "Interception", "{0FBD8E99-663D-4AD1-94A1-59961E93BA44}"
EndProject
Project("{FAE04EC0-301F-11D3-BF4B-00C04F79EFBC}") = "Interception.Contract", "Infrastructure\Interception\Interception.Contract\Interception.Contract.csproj", "{F58B466A-C5A8-4B0E-97BA-5550C2117FA6}"
EndProject
Project("{FAE04EC0-301F-11D3-BF4B-00C04F79EFBC}") = "Interception", "Infrastructure\Interception\Interception\Interception.csproj", "{6B875E32-3938-494A-8B7E-D5F2790DA2EF}"
EndProject
Project("{2150E333-8FDC-42A3-9474-1A3956D46DE8}") = "Logging", "Logging", "{A258CA39-D339-41EF-8C31-49D2C5E8D6E1}"
EndProject
Project("{FAE04EC0-301F-11D3-BF4B-00C04F79EFBC}") = "Logging.Contracts", "Infrastructure\Logging\Logging.Contracts\Logging.Contracts.csproj", "{ECC359C1-24A6-4BF4-BC80-0000BB3715F6}"
EndProject
Project("{FAE04EC0-301F-11D3-BF4B-00C04F79EFBC}") = "Logging", "Infrastructure\Logging\Logging\Logging.csproj", "{92715497-735B-4670-8A65-237EF9912FB7}"
EndProject
Project("{2150E333-8FDC-42A3-9474-1A3956D46DE8}") = "SessionManagement", "SessionManagement", "{335CACFC-ADD3-4D32-8679-35124FD7B081}"
EndProject
Project("{FAE04EC0-301F-11D3-BF4B-00C04F79EFBC}") = "SessionManagement.Contracts", "Infrastructure\SessionManagement\SessionManagement.Contracts\SessionManagement.Contracts.csproj", "{27A982A3-D6B8-499B-9BE7-92F98AD96791}"
EndProject
Project("{FAE04EC0-301F-11D3-BF4B-00C04F79EFBC}") = "SessionManagement", "Infrastructure\SessionManagement\SessionManagement\SessionManagement.csproj", "{42349769-5DDB-4A7F-80FE-A4F12CF9C6B0}"
EndProject
Project("{FAE04EC0-301F-11D3-BF4B-00C04F79EFBC}") = "Host.Contracts", "Infrastructure\Hosting\Host.Contracts\Host.Contracts.csproj", "{86BECEAB-0202-4833-ADBF-00C5F86EA5E7}"
EndProject
Project("{FAE04EC0-301F-11D3-BF4B-00C04F79EFBC}") = "Host.HtmlEncoder", "Infrastructure\Hosting\Host.HtmlEncoder\Host.HtmlEncoder.csproj", "{48892B66-2EE8-4835-A371-D65E9DAF4AF2}"
EndProject
Project("{FAE04EC0-301F-11D3-BF4B-00C04F79EFBC}") = "Host.Owin", "Infrastructure\Hosting\Host.Owin\Host.Owin.csproj", "{E7FD5BD6-6394-497B-964D-C39762010EC1}"
EndProject
Project("{FAE04EC0-301F-11D3-BF4B-00C04F79EFBC}") = "Host", "Infrastructure\Hosting\Host\Host.csproj", "{1B40FD51-67FE-49AC-A321-E2C52BCFD8D0}"
EndProject
Project("{FAE04EC0-301F-11D3-BF4B-00C04F79EFBC}") = "CardValidation.Repository", "Repository\CardValidation.Repository.csproj", "{5C142BFD-4AA2-46DB-AF1D-BCEDDE48218C}"
EndProject
Project("{FAE04EC0-301F-11D3-BF4B-00C04F79EFBC}") = "Repository.Models", "Repository.Models\Repository.Models.csproj", "{D0D60FCA-F992-4537-BAF4-420CFDC5137F}"
EndProject
Project("{2150E333-8FDC-42A3-9474-1A3956D46DE8}") = "Repository", "Repository", "{636D6AB9-5BC8-42B6-852E-7CE69BCDF591}"
EndProject
Project("{FAE04EC0-301F-11D3-BF4B-00C04F79EFBC}") = "Repository.Contracts", "Infrastructure\Repository\Repository.Contract\Repository.Contracts.csproj", "{14829601-D919-49DF-995C-05548870D71D}"
EndProject
Project("{FAE04EC0-301F-11D3-BF4B-00C04F79EFBC}") = "ReadModel.Contracts", "Infrastructure\Repository\ReadModel.Contracts\ReadModel.Contracts.csproj", "{7706EAF9-7B0A-43C6-A0CB-DF895FCE1B54}"
EndProject
Project("{FAE04EC0-301F-11D3-BF4B-00C04F79EFBC}") = "ReadModel", "Infrastructure\Repository\ReadModel\ReadModel.csproj", "{731ABF90-3D4E-4507-92FD-FAA9484B6425}"
EndProject
Project("{FAE04EC0-301F-11D3-BF4B-00C04F79EFBC}") = "ReadModel.Conventions", "Infrastructure\Repository\ReadModel.Conventions\ReadModel.Conventions.csproj", "{B53D1F23-4991-4751-A7EF-1C300DABF976}"
EndProject
Project("{FAE04EC0-301F-11D3-BF4B-00C04F79EFBC}") = "Repository", "Infrastructure\Repository\Repository\Repository.csproj", "{C70ACAB0-D752-4AD4-B975-D280B7344292}"
EndProject
Project("{2150E333-8FDC-42A3-9474-1A3956D46DE8}") = "Testing", "Testing", "{B958C771-C3E7-453C-8A85-6C3969C22511}"
EndProject
Project("{FAE04EC0-301F-11D3-BF4B-00C04F79EFBC}") = "Mocking.Contract", "Infrastructure\Testing\Mocking.Contract\Mocking.Contract.csproj", "{92CFFAB7-145A-4317-8EE9-F14F10600BB9}"
EndProject
Project("{FAE04EC0-301F-11D3-BF4B-00C04F79EFBC}") = "Mocking", "Infrastructure\Testing\Mocking\Mocking.csproj", "{AAB203DB-881B-4C33-B140-D65BDF20AA4F}"
EndProject
Project("{FAE04EC0-301F-11D3-BF4B-00C04F79EFBC}") = "Testing.Repository", "Infrastructure\Testing\Testing.Repository\Testing.Repository.csproj", "{4AE50825-D3EC-4127-83C5-5CDC27AD6730}"
EndProject
Project("{FAE04EC0-301F-11D3-BF4B-00C04F79EFBC}") = "Testing.WebApi", "Infrastructure\Testing\Testing.WebApi\Testing.WebApi.csproj", "{A48B02D4-4EBB-4CED-9FAF-F5F881E8F4B6}"
EndProject
Project("{FAE04EC0-301F-11D3-BF4B-00C04F79EFBC}") = "Test", "Infrastructure\Testing\Test\Test.csproj", "{34A04FA0-E4D3-4FEA-9E0C-06F235D9D20C}"
EndProject
Project("{2150E333-8FDC-42A3-9474-1A3956D46DE8}") = "ApiDocumentation", "ApiDocumentation", "{1128B7CA-05FB-4946-987E-9B82EF6602A9}"
EndProject
Project("{FAE04EC0-301F-11D3-BF4B-00C04F79EFBC}") = "Dtos", "Dtos\Dtos.csproj", "{EFACB204-6D36-4FDD-A861-4D07D85C89D3}"
EndProject
Project("{FAE04EC0-301F-11D3-BF4B-00C04F79EFBC}") = "CardValidation.Api.IntegrationTests", "Api.IntegrationTests\CardValidation.Api.IntegrationTests.csproj", "{8E929784-5CA6-4404-902F-743F7FA29EBD}"
EndProject
Project("{FAE04EC0-301F-11D3-BF4B-00C04F79EFBC}") = "ApplicationService", "ApplicationService\ApplicationService.csproj", "{00121814-7052-4806-BCC9-6B93F50603F0}"
EndProject
Project("{FAE04EC0-301F-11D3-BF4B-00C04F79EFBC}") = "ApplicationService.Contracts", "ApplicationService.Contracts\ApplicationService.Contracts.csproj", "{F06B3747-9D34-4FDE-8B03-8D79A2DB6D68}"
EndProject
Project("{FAE04EC0-301F-11D3-BF4B-00C04F79EFBC}") = "CardValidation.Api", "ProductCatalog.Api\CardValidation.Api.csproj", "{C3D47106-F904-4E9A-AD2F-7B6A8CB0A052}"
EndProject
Project("{2150E333-8FDC-42A3-9474-1A3956D46DE8}") = "DynamicQuery", "DynamicQuery", "{9A48DC4B-8552-467A-A852-50BA44019C89}"
EndProject
Project("{FAE04EC0-301F-11D3-BF4B-00C04F79EFBC}") = "DynamicQuery", "Infrastructure\DynamicQuery\DynamicQuery\DynamicQuery.csproj", "{00ED12A6-19B7-406B-BF22-EAFEE9EAC8EE}"
EndProject
Project("{FAE04EC0-301F-11D3-BF4B-00C04F79EFBC}") = "DynamicQuery.Test", "Infrastructure\DynamicQuery\DynamicQuery.Test\DynamicQuery.Test.csproj", "{70F8686C-5DD8-44CA-9FCC-0DAAEC988067}"
EndProject
Project("{2150E333-8FDC-42A3-9474-1A3956D46DE8}") = "Localization", "Localization", "{D64825C6-4182-47E7-AB1E-65E798F1C7EA}"
EndProject
Project("{FAE04EC0-301F-11D3-BF4B-00C04F79EFBC}") = "Localization.Contracts", "Infrastructure\Localization\Localization.Contract\Localization.Contracts.csproj", "{7C655E61-3EF9-40E7-A31C-B7BC6A004991}"
EndProject
Project("{FAE04EC0-301F-11D3-BF4B-00C04F79EFBC}") = "Localization", "Infrastructure\Localization\Localization\Localization.csproj", "{1253E673-E5CC-4404-AC74-325877CE5A5E}"
EndProject
Project("{FAE04EC0-301F-11D3-BF4B-00C04F79EFBC}") = "ApiDocumentation", "Infrastructure\ApiDocumentation\ApiDocumentation\ApiDocumentation.csproj", "{14737AEC-F9D9-4AD2-AA9B-04B47A6EB0E8}"
EndProject
Project("{FAE04EC0-301F-11D3-BF4B-00C04F79EFBC}") = "Infrastructure", "Infrastructure\Infrastructure\Infrastructure\Infrastructure.csproj", "{8F041C09-8E16-4523-AC23-DEE437702BB8}"
EndProject
Project("{2150E333-8FDC-42A3-9474-1A3956D46DE8}") = "Validation", "Validation", "{A2CAA9A7-A865-4B34-98F0-D47CDE855ECF}"
EndProject
Project("{FAE04EC0-301F-11D3-BF4B-00C04F79EFBC}") = "Validation", "Infrastructure\Validation\Validation\Validation.csproj", "{E038F52A-BB30-408A-9268-010786D6237D}"
EndProject
Project("{FAE04EC0-301F-11D3-BF4B-00C04F79EFBC}") = "Validation.Contracts", "Infrastructure\Validation\Validation.Contracts\Validation.Contracts.csproj", "{0C4D988A-2566-420F-88A4-F136AA76F9B4}"
EndProject
Project("{FAE04EC0-301F-11D3-BF4B-00C04F79EFBC}") = "Validation.WebApi", "Infrastructure\Validation\Validation.WebApi\Validation.WebApi.csproj", "{10D4D712-122B-4659-AC63-DC5857E779D7}"
EndProject
Project("{FAE04EC0-301F-11D3-BF4B-00C04F79EFBC}") = "Dtos.Validation", "Dtos.Validation\Dtos.Validation.csproj", "{935A4FFC-56BF-40AD-AD6A-A663301A4E88}"
EndProject
Project("{FAE04EC0-301F-11D3-BF4B-00C04F79EFBC}") = "Validation.Validators", "Infrastructure\Validation\Validation.Validators\Validation.Validators.csproj", "{BD4907F7-CFFD-4DBD-B9F0-B03985C17765}"
EndProject
Project("{FAE04EC0-301F-11D3-BF4B-00C04F79EFBC}") = "Dtos.Validation.Tests", "Dtos.Validation.Tests\Dtos.Validation.Tests.csproj", "{799D73E5-83EF-4D35-B8DA-0ADA8C279FE2}"
EndProject
Project("{FAE04EC0-301F-11D3-BF4B-00C04F79EFBC}") = "CardValidation.Api.Tests", "ProductCatalog.Api.Tests\CardValidation.Api.Tests.csproj", "{28378A87-A3F6-40E4-B34E-9540C285FA0A}"
EndProject
Global
	GlobalSection(SolutionConfigurationPlatforms) = preSolution
		Debug|Any CPU = Debug|Any CPU
		LocalPublish|Any CPU = LocalPublish|Any CPU
		Release|Any CPU = Release|Any CPU
	EndGlobalSection
	GlobalSection(ProjectConfigurationPlatforms) = postSolution
		{9BF1599D-611B-48A5-B95A-AB2B8D9B33BE}.Debug|Any CPU.ActiveCfg = Debug|Any CPU
		{9BF1599D-611B-48A5-B95A-AB2B8D9B33BE}.Debug|Any CPU.Build.0 = Debug|Any CPU
		{9BF1599D-611B-48A5-B95A-AB2B8D9B33BE}.LocalPublish|Any CPU.ActiveCfg = Release|Any CPU
		{9BF1599D-611B-48A5-B95A-AB2B8D9B33BE}.LocalPublish|Any CPU.Build.0 = Release|Any CPU
		{9BF1599D-611B-48A5-B95A-AB2B8D9B33BE}.Release|Any CPU.ActiveCfg = Release|Any CPU
		{9BF1599D-611B-48A5-B95A-AB2B8D9B33BE}.Release|Any CPU.Build.0 = Release|Any CPU
		{44760286-25CF-4129-8282-4E139C8DFF27}.Debug|Any CPU.ActiveCfg = Debug|Any CPU
		{44760286-25CF-4129-8282-4E139C8DFF27}.Debug|Any CPU.Build.0 = Debug|Any CPU
		{44760286-25CF-4129-8282-4E139C8DFF27}.LocalPublish|Any CPU.ActiveCfg = Release|Any CPU
		{44760286-25CF-4129-8282-4E139C8DFF27}.LocalPublish|Any CPU.Build.0 = Release|Any CPU
		{44760286-25CF-4129-8282-4E139C8DFF27}.Release|Any CPU.ActiveCfg = Release|Any CPU
		{44760286-25CF-4129-8282-4E139C8DFF27}.Release|Any CPU.Build.0 = Release|Any CPU
		{B85FB4BF-2A4F-4DFA-98A8-F198171D6A6F}.Debug|Any CPU.ActiveCfg = Debug|Any CPU
		{B85FB4BF-2A4F-4DFA-98A8-F198171D6A6F}.Debug|Any CPU.Build.0 = Debug|Any CPU
		{B85FB4BF-2A4F-4DFA-98A8-F198171D6A6F}.LocalPublish|Any CPU.ActiveCfg = LocalPublish|Any CPU
		{B85FB4BF-2A4F-4DFA-98A8-F198171D6A6F}.LocalPublish|Any CPU.Build.0 = LocalPublish|Any CPU
		{B85FB4BF-2A4F-4DFA-98A8-F198171D6A6F}.Release|Any CPU.ActiveCfg = Release|Any CPU
		{B85FB4BF-2A4F-4DFA-98A8-F198171D6A6F}.Release|Any CPU.Build.0 = Release|Any CPU
		{F58B466A-C5A8-4B0E-97BA-5550C2117FA6}.Debug|Any CPU.ActiveCfg = Debug|Any CPU
		{F58B466A-C5A8-4B0E-97BA-5550C2117FA6}.Debug|Any CPU.Build.0 = Debug|Any CPU
		{F58B466A-C5A8-4B0E-97BA-5550C2117FA6}.LocalPublish|Any CPU.ActiveCfg = LocalPublish|Any CPU
		{F58B466A-C5A8-4B0E-97BA-5550C2117FA6}.LocalPublish|Any CPU.Build.0 = LocalPublish|Any CPU
		{F58B466A-C5A8-4B0E-97BA-5550C2117FA6}.Release|Any CPU.ActiveCfg = Release|Any CPU
		{F58B466A-C5A8-4B0E-97BA-5550C2117FA6}.Release|Any CPU.Build.0 = Release|Any CPU
		{6B875E32-3938-494A-8B7E-D5F2790DA2EF}.Debug|Any CPU.ActiveCfg = Debug|Any CPU
		{6B875E32-3938-494A-8B7E-D5F2790DA2EF}.Debug|Any CPU.Build.0 = Debug|Any CPU
		{6B875E32-3938-494A-8B7E-D5F2790DA2EF}.LocalPublish|Any CPU.ActiveCfg = LocalPublish|Any CPU
		{6B875E32-3938-494A-8B7E-D5F2790DA2EF}.LocalPublish|Any CPU.Build.0 = LocalPublish|Any CPU
		{6B875E32-3938-494A-8B7E-D5F2790DA2EF}.Release|Any CPU.ActiveCfg = Release|Any CPU
		{6B875E32-3938-494A-8B7E-D5F2790DA2EF}.Release|Any CPU.Build.0 = Release|Any CPU
		{ECC359C1-24A6-4BF4-BC80-0000BB3715F6}.Debug|Any CPU.ActiveCfg = Debug|Any CPU
		{ECC359C1-24A6-4BF4-BC80-0000BB3715F6}.Debug|Any CPU.Build.0 = Debug|Any CPU
		{ECC359C1-24A6-4BF4-BC80-0000BB3715F6}.LocalPublish|Any CPU.ActiveCfg = LocalPublish|Any CPU
		{ECC359C1-24A6-4BF4-BC80-0000BB3715F6}.LocalPublish|Any CPU.Build.0 = LocalPublish|Any CPU
		{ECC359C1-24A6-4BF4-BC80-0000BB3715F6}.Release|Any CPU.ActiveCfg = Release|Any CPU
		{ECC359C1-24A6-4BF4-BC80-0000BB3715F6}.Release|Any CPU.Build.0 = Release|Any CPU
		{92715497-735B-4670-8A65-237EF9912FB7}.Debug|Any CPU.ActiveCfg = Debug|Any CPU
		{92715497-735B-4670-8A65-237EF9912FB7}.Debug|Any CPU.Build.0 = Debug|Any CPU
		{92715497-735B-4670-8A65-237EF9912FB7}.LocalPublish|Any CPU.ActiveCfg = LocalPublish|Any CPU
		{92715497-735B-4670-8A65-237EF9912FB7}.LocalPublish|Any CPU.Build.0 = LocalPublish|Any CPU
		{92715497-735B-4670-8A65-237EF9912FB7}.Release|Any CPU.ActiveCfg = Release|Any CPU
		{92715497-735B-4670-8A65-237EF9912FB7}.Release|Any CPU.Build.0 = Release|Any CPU
		{27A982A3-D6B8-499B-9BE7-92F98AD96791}.Debug|Any CPU.ActiveCfg = Debug|Any CPU
		{27A982A3-D6B8-499B-9BE7-92F98AD96791}.Debug|Any CPU.Build.0 = Debug|Any CPU
		{27A982A3-D6B8-499B-9BE7-92F98AD96791}.LocalPublish|Any CPU.ActiveCfg = LocalPublish|Any CPU
		{27A982A3-D6B8-499B-9BE7-92F98AD96791}.LocalPublish|Any CPU.Build.0 = LocalPublish|Any CPU
		{27A982A3-D6B8-499B-9BE7-92F98AD96791}.Release|Any CPU.ActiveCfg = Release|Any CPU
		{27A982A3-D6B8-499B-9BE7-92F98AD96791}.Release|Any CPU.Build.0 = Release|Any CPU
		{42349769-5DDB-4A7F-80FE-A4F12CF9C6B0}.Debug|Any CPU.ActiveCfg = Debug|Any CPU
		{42349769-5DDB-4A7F-80FE-A4F12CF9C6B0}.Debug|Any CPU.Build.0 = Debug|Any CPU
		{42349769-5DDB-4A7F-80FE-A4F12CF9C6B0}.LocalPublish|Any CPU.ActiveCfg = LocalPublish|Any CPU
		{42349769-5DDB-4A7F-80FE-A4F12CF9C6B0}.LocalPublish|Any CPU.Build.0 = LocalPublish|Any CPU
		{42349769-5DDB-4A7F-80FE-A4F12CF9C6B0}.Release|Any CPU.ActiveCfg = Release|Any CPU
		{42349769-5DDB-4A7F-80FE-A4F12CF9C6B0}.Release|Any CPU.Build.0 = Release|Any CPU
		{86BECEAB-0202-4833-ADBF-00C5F86EA5E7}.Debug|Any CPU.ActiveCfg = Debug|Any CPU
		{86BECEAB-0202-4833-ADBF-00C5F86EA5E7}.Debug|Any CPU.Build.0 = Debug|Any CPU
		{86BECEAB-0202-4833-ADBF-00C5F86EA5E7}.LocalPublish|Any CPU.ActiveCfg = LocalPublish|Any CPU
		{86BECEAB-0202-4833-ADBF-00C5F86EA5E7}.LocalPublish|Any CPU.Build.0 = LocalPublish|Any CPU
		{86BECEAB-0202-4833-ADBF-00C5F86EA5E7}.Release|Any CPU.ActiveCfg = Release|Any CPU
		{86BECEAB-0202-4833-ADBF-00C5F86EA5E7}.Release|Any CPU.Build.0 = Release|Any CPU
		{48892B66-2EE8-4835-A371-D65E9DAF4AF2}.Debug|Any CPU.ActiveCfg = Debug|Any CPU
		{48892B66-2EE8-4835-A371-D65E9DAF4AF2}.Debug|Any CPU.Build.0 = Debug|Any CPU
		{48892B66-2EE8-4835-A371-D65E9DAF4AF2}.LocalPublish|Any CPU.ActiveCfg = Release|Any CPU
		{48892B66-2EE8-4835-A371-D65E9DAF4AF2}.LocalPublish|Any CPU.Build.0 = Release|Any CPU
		{48892B66-2EE8-4835-A371-D65E9DAF4AF2}.Release|Any CPU.ActiveCfg = Release|Any CPU
		{48892B66-2EE8-4835-A371-D65E9DAF4AF2}.Release|Any CPU.Build.0 = Release|Any CPU
		{E7FD5BD6-6394-497B-964D-C39762010EC1}.Debug|Any CPU.ActiveCfg = Debug|Any CPU
		{E7FD5BD6-6394-497B-964D-C39762010EC1}.Debug|Any CPU.Build.0 = Debug|Any CPU
		{E7FD5BD6-6394-497B-964D-C39762010EC1}.LocalPublish|Any CPU.ActiveCfg = Release|Any CPU
		{E7FD5BD6-6394-497B-964D-C39762010EC1}.LocalPublish|Any CPU.Build.0 = Release|Any CPU
		{E7FD5BD6-6394-497B-964D-C39762010EC1}.Release|Any CPU.ActiveCfg = Release|Any CPU
		{E7FD5BD6-6394-497B-964D-C39762010EC1}.Release|Any CPU.Build.0 = Release|Any CPU
		{1B40FD51-67FE-49AC-A321-E2C52BCFD8D0}.Debug|Any CPU.ActiveCfg = Debug|Any CPU
		{1B40FD51-67FE-49AC-A321-E2C52BCFD8D0}.Debug|Any CPU.Build.0 = Debug|Any CPU
		{1B40FD51-67FE-49AC-A321-E2C52BCFD8D0}.LocalPublish|Any CPU.ActiveCfg = LocalPublish|Any CPU
		{1B40FD51-67FE-49AC-A321-E2C52BCFD8D0}.LocalPublish|Any CPU.Build.0 = LocalPublish|Any CPU
		{1B40FD51-67FE-49AC-A321-E2C52BCFD8D0}.Release|Any CPU.ActiveCfg = Release|Any CPU
		{1B40FD51-67FE-49AC-A321-E2C52BCFD8D0}.Release|Any CPU.Build.0 = Release|Any CPU
		{5C142BFD-4AA2-46DB-AF1D-BCEDDE48218C}.Debug|Any CPU.ActiveCfg = Debug|Any CPU
		{5C142BFD-4AA2-46DB-AF1D-BCEDDE48218C}.Debug|Any CPU.Build.0 = Debug|Any CPU
		{5C142BFD-4AA2-46DB-AF1D-BCEDDE48218C}.LocalPublish|Any CPU.ActiveCfg = Release|Any CPU
		{5C142BFD-4AA2-46DB-AF1D-BCEDDE48218C}.LocalPublish|Any CPU.Build.0 = Release|Any CPU
		{5C142BFD-4AA2-46DB-AF1D-BCEDDE48218C}.Release|Any CPU.ActiveCfg = Release|Any CPU
		{5C142BFD-4AA2-46DB-AF1D-BCEDDE48218C}.Release|Any CPU.Build.0 = Release|Any CPU
		{D0D60FCA-F992-4537-BAF4-420CFDC5137F}.Debug|Any CPU.ActiveCfg = Debug|Any CPU
		{D0D60FCA-F992-4537-BAF4-420CFDC5137F}.Debug|Any CPU.Build.0 = Debug|Any CPU
		{D0D60FCA-F992-4537-BAF4-420CFDC5137F}.LocalPublish|Any CPU.ActiveCfg = Release|Any CPU
		{D0D60FCA-F992-4537-BAF4-420CFDC5137F}.LocalPublish|Any CPU.Build.0 = Release|Any CPU
		{D0D60FCA-F992-4537-BAF4-420CFDC5137F}.Release|Any CPU.ActiveCfg = Release|Any CPU
		{D0D60FCA-F992-4537-BAF4-420CFDC5137F}.Release|Any CPU.Build.0 = Release|Any CPU
		{14829601-D919-49DF-995C-05548870D71D}.Debug|Any CPU.ActiveCfg = Debug|Any CPU
		{14829601-D919-49DF-995C-05548870D71D}.Debug|Any CPU.Build.0 = Debug|Any CPU
		{14829601-D919-49DF-995C-05548870D71D}.LocalPublish|Any CPU.ActiveCfg = LocalPublish|Any CPU
		{14829601-D919-49DF-995C-05548870D71D}.LocalPublish|Any CPU.Build.0 = LocalPublish|Any CPU
		{14829601-D919-49DF-995C-05548870D71D}.Release|Any CPU.ActiveCfg = Release|Any CPU
		{14829601-D919-49DF-995C-05548870D71D}.Release|Any CPU.Build.0 = Release|Any CPU
		{7706EAF9-7B0A-43C6-A0CB-DF895FCE1B54}.Debug|Any CPU.ActiveCfg = Debug|Any CPU
		{7706EAF9-7B0A-43C6-A0CB-DF895FCE1B54}.Debug|Any CPU.Build.0 = Debug|Any CPU
		{7706EAF9-7B0A-43C6-A0CB-DF895FCE1B54}.LocalPublish|Any CPU.ActiveCfg = LocalPublish|Any CPU
		{7706EAF9-7B0A-43C6-A0CB-DF895FCE1B54}.LocalPublish|Any CPU.Build.0 = LocalPublish|Any CPU
		{7706EAF9-7B0A-43C6-A0CB-DF895FCE1B54}.Release|Any CPU.ActiveCfg = Release|Any CPU
		{7706EAF9-7B0A-43C6-A0CB-DF895FCE1B54}.Release|Any CPU.Build.0 = Release|Any CPU
		{731ABF90-3D4E-4507-92FD-FAA9484B6425}.Debug|Any CPU.ActiveCfg = Debug|Any CPU
		{731ABF90-3D4E-4507-92FD-FAA9484B6425}.Debug|Any CPU.Build.0 = Debug|Any CPU
		{731ABF90-3D4E-4507-92FD-FAA9484B6425}.LocalPublish|Any CPU.ActiveCfg = LocalPublish|Any CPU
		{731ABF90-3D4E-4507-92FD-FAA9484B6425}.LocalPublish|Any CPU.Build.0 = LocalPublish|Any CPU
		{731ABF90-3D4E-4507-92FD-FAA9484B6425}.Release|Any CPU.ActiveCfg = Release|Any CPU
		{731ABF90-3D4E-4507-92FD-FAA9484B6425}.Release|Any CPU.Build.0 = Release|Any CPU
		{B53D1F23-4991-4751-A7EF-1C300DABF976}.Debug|Any CPU.ActiveCfg = Debug|Any CPU
		{B53D1F23-4991-4751-A7EF-1C300DABF976}.Debug|Any CPU.Build.0 = Debug|Any CPU
		{B53D1F23-4991-4751-A7EF-1C300DABF976}.LocalPublish|Any CPU.ActiveCfg = LocalPublish|Any CPU
		{B53D1F23-4991-4751-A7EF-1C300DABF976}.LocalPublish|Any CPU.Build.0 = LocalPublish|Any CPU
		{B53D1F23-4991-4751-A7EF-1C300DABF976}.Release|Any CPU.ActiveCfg = Release|Any CPU
		{B53D1F23-4991-4751-A7EF-1C300DABF976}.Release|Any CPU.Build.0 = Release|Any CPU
		{C70ACAB0-D752-4AD4-B975-D280B7344292}.Debug|Any CPU.ActiveCfg = Debug|Any CPU
		{C70ACAB0-D752-4AD4-B975-D280B7344292}.Debug|Any CPU.Build.0 = Debug|Any CPU
		{C70ACAB0-D752-4AD4-B975-D280B7344292}.LocalPublish|Any CPU.ActiveCfg = LocalPublish|Any CPU
		{C70ACAB0-D752-4AD4-B975-D280B7344292}.LocalPublish|Any CPU.Build.0 = LocalPublish|Any CPU
		{C70ACAB0-D752-4AD4-B975-D280B7344292}.Release|Any CPU.ActiveCfg = Release|Any CPU
		{C70ACAB0-D752-4AD4-B975-D280B7344292}.Release|Any CPU.Build.0 = Release|Any CPU
		{92CFFAB7-145A-4317-8EE9-F14F10600BB9}.Debug|Any CPU.ActiveCfg = Debug|Any CPU
		{92CFFAB7-145A-4317-8EE9-F14F10600BB9}.Debug|Any CPU.Build.0 = Debug|Any CPU
		{92CFFAB7-145A-4317-8EE9-F14F10600BB9}.LocalPublish|Any CPU.ActiveCfg = LocalPublish|Any CPU
		{92CFFAB7-145A-4317-8EE9-F14F10600BB9}.LocalPublish|Any CPU.Build.0 = LocalPublish|Any CPU
		{92CFFAB7-145A-4317-8EE9-F14F10600BB9}.Release|Any CPU.ActiveCfg = Release|Any CPU
		{92CFFAB7-145A-4317-8EE9-F14F10600BB9}.Release|Any CPU.Build.0 = Release|Any CPU
		{AAB203DB-881B-4C33-B140-D65BDF20AA4F}.Debug|Any CPU.ActiveCfg = Debug|Any CPU
		{AAB203DB-881B-4C33-B140-D65BDF20AA4F}.Debug|Any CPU.Build.0 = Debug|Any CPU
		{AAB203DB-881B-4C33-B140-D65BDF20AA4F}.LocalPublish|Any CPU.ActiveCfg = LocalPublish|Any CPU
		{AAB203DB-881B-4C33-B140-D65BDF20AA4F}.LocalPublish|Any CPU.Build.0 = LocalPublish|Any CPU
		{AAB203DB-881B-4C33-B140-D65BDF20AA4F}.Release|Any CPU.ActiveCfg = Release|Any CPU
		{AAB203DB-881B-4C33-B140-D65BDF20AA4F}.Release|Any CPU.Build.0 = Release|Any CPU
		{4AE50825-D3EC-4127-83C5-5CDC27AD6730}.Debug|Any CPU.ActiveCfg = Debug|Any CPU
		{4AE50825-D3EC-4127-83C5-5CDC27AD6730}.Debug|Any CPU.Build.0 = Debug|Any CPU
		{4AE50825-D3EC-4127-83C5-5CDC27AD6730}.LocalPublish|Any CPU.ActiveCfg = LocalPublish|Any CPU
		{4AE50825-D3EC-4127-83C5-5CDC27AD6730}.LocalPublish|Any CPU.Build.0 = LocalPublish|Any CPU
		{4AE50825-D3EC-4127-83C5-5CDC27AD6730}.Release|Any CPU.ActiveCfg = Release|Any CPU
		{4AE50825-D3EC-4127-83C5-5CDC27AD6730}.Release|Any CPU.Build.0 = Release|Any CPU
		{A48B02D4-4EBB-4CED-9FAF-F5F881E8F4B6}.Debug|Any CPU.ActiveCfg = Debug|Any CPU
		{A48B02D4-4EBB-4CED-9FAF-F5F881E8F4B6}.Debug|Any CPU.Build.0 = Debug|Any CPU
		{A48B02D4-4EBB-4CED-9FAF-F5F881E8F4B6}.LocalPublish|Any CPU.ActiveCfg = LocalPublish|Any CPU
		{A48B02D4-4EBB-4CED-9FAF-F5F881E8F4B6}.LocalPublish|Any CPU.Build.0 = LocalPublish|Any CPU
		{A48B02D4-4EBB-4CED-9FAF-F5F881E8F4B6}.Release|Any CPU.ActiveCfg = Release|Any CPU
		{A48B02D4-4EBB-4CED-9FAF-F5F881E8F4B6}.Release|Any CPU.Build.0 = Release|Any CPU
		{34A04FA0-E4D3-4FEA-9E0C-06F235D9D20C}.Debug|Any CPU.ActiveCfg = Debug|Any CPU
		{34A04FA0-E4D3-4FEA-9E0C-06F235D9D20C}.Debug|Any CPU.Build.0 = Debug|Any CPU
		{34A04FA0-E4D3-4FEA-9E0C-06F235D9D20C}.LocalPublish|Any CPU.ActiveCfg = LocalPublish|Any CPU
		{34A04FA0-E4D3-4FEA-9E0C-06F235D9D20C}.LocalPublish|Any CPU.Build.0 = LocalPublish|Any CPU
		{34A04FA0-E4D3-4FEA-9E0C-06F235D9D20C}.Release|Any CPU.ActiveCfg = Release|Any CPU
		{34A04FA0-E4D3-4FEA-9E0C-06F235D9D20C}.Release|Any CPU.Build.0 = Release|Any CPU
		{EFACB204-6D36-4FDD-A861-4D07D85C89D3}.Debug|Any CPU.ActiveCfg = Debug|Any CPU
		{EFACB204-6D36-4FDD-A861-4D07D85C89D3}.Debug|Any CPU.Build.0 = Debug|Any CPU
		{EFACB204-6D36-4FDD-A861-4D07D85C89D3}.LocalPublish|Any CPU.ActiveCfg = Release|Any CPU
		{EFACB204-6D36-4FDD-A861-4D07D85C89D3}.LocalPublish|Any CPU.Build.0 = Release|Any CPU
		{EFACB204-6D36-4FDD-A861-4D07D85C89D3}.Release|Any CPU.ActiveCfg = Release|Any CPU
		{EFACB204-6D36-4FDD-A861-4D07D85C89D3}.Release|Any CPU.Build.0 = Release|Any CPU
		{8E929784-5CA6-4404-902F-743F7FA29EBD}.Debug|Any CPU.ActiveCfg = Debug|Any CPU
		{8E929784-5CA6-4404-902F-743F7FA29EBD}.Debug|Any CPU.Build.0 = Debug|Any CPU
		{8E929784-5CA6-4404-902F-743F7FA29EBD}.LocalPublish|Any CPU.ActiveCfg = Release|Any CPU
		{8E929784-5CA6-4404-902F-743F7FA29EBD}.LocalPublish|Any CPU.Build.0 = Release|Any CPU
		{8E929784-5CA6-4404-902F-743F7FA29EBD}.Release|Any CPU.ActiveCfg = Release|Any CPU
		{8E929784-5CA6-4404-902F-743F7FA29EBD}.Release|Any CPU.Build.0 = Release|Any CPU
		{00121814-7052-4806-BCC9-6B93F50603F0}.Debug|Any CPU.ActiveCfg = Debug|Any CPU
		{00121814-7052-4806-BCC9-6B93F50603F0}.Debug|Any CPU.Build.0 = Debug|Any CPU
		{00121814-7052-4806-BCC9-6B93F50603F0}.LocalPublish|Any CPU.ActiveCfg = Release|Any CPU
		{00121814-7052-4806-BCC9-6B93F50603F0}.LocalPublish|Any CPU.Build.0 = Release|Any CPU
		{00121814-7052-4806-BCC9-6B93F50603F0}.Release|Any CPU.ActiveCfg = Release|Any CPU
		{00121814-7052-4806-BCC9-6B93F50603F0}.Release|Any CPU.Build.0 = Release|Any CPU
		{F06B3747-9D34-4FDE-8B03-8D79A2DB6D68}.Debug|Any CPU.ActiveCfg = Debug|Any CPU
		{F06B3747-9D34-4FDE-8B03-8D79A2DB6D68}.Debug|Any CPU.Build.0 = Debug|Any CPU
		{F06B3747-9D34-4FDE-8B03-8D79A2DB6D68}.LocalPublish|Any CPU.ActiveCfg = Release|Any CPU
		{F06B3747-9D34-4FDE-8B03-8D79A2DB6D68}.LocalPublish|Any CPU.Build.0 = Release|Any CPU
		{F06B3747-9D34-4FDE-8B03-8D79A2DB6D68}.Release|Any CPU.ActiveCfg = Release|Any CPU
		{F06B3747-9D34-4FDE-8B03-8D79A2DB6D68}.Release|Any CPU.Build.0 = Release|Any CPU
		{C3D47106-F904-4E9A-AD2F-7B6A8CB0A052}.Debug|Any CPU.ActiveCfg = Debug|Any CPU
		{C3D47106-F904-4E9A-AD2F-7B6A8CB0A052}.Debug|Any CPU.Build.0 = Debug|Any CPU
		{C3D47106-F904-4E9A-AD2F-7B6A8CB0A052}.LocalPublish|Any CPU.ActiveCfg = Release|Any CPU
		{C3D47106-F904-4E9A-AD2F-7B6A8CB0A052}.LocalPublish|Any CPU.Build.0 = Release|Any CPU
		{C3D47106-F904-4E9A-AD2F-7B6A8CB0A052}.Release|Any CPU.ActiveCfg = Release|Any CPU
		{C3D47106-F904-4E9A-AD2F-7B6A8CB0A052}.Release|Any CPU.Build.0 = Release|Any CPU
		{00ED12A6-19B7-406B-BF22-EAFEE9EAC8EE}.Debug|Any CPU.ActiveCfg = Debug|Any CPU
		{00ED12A6-19B7-406B-BF22-EAFEE9EAC8EE}.Debug|Any CPU.Build.0 = Debug|Any CPU
		{00ED12A6-19B7-406B-BF22-EAFEE9EAC8EE}.LocalPublish|Any CPU.ActiveCfg = LocalPublish|Any CPU
		{00ED12A6-19B7-406B-BF22-EAFEE9EAC8EE}.LocalPublish|Any CPU.Build.0 = LocalPublish|Any CPU
		{00ED12A6-19B7-406B-BF22-EAFEE9EAC8EE}.Release|Any CPU.ActiveCfg = Release|Any CPU
		{00ED12A6-19B7-406B-BF22-EAFEE9EAC8EE}.Release|Any CPU.Build.0 = Release|Any CPU
		{70F8686C-5DD8-44CA-9FCC-0DAAEC988067}.Debug|Any CPU.ActiveCfg = Debug|Any CPU
		{70F8686C-5DD8-44CA-9FCC-0DAAEC988067}.Debug|Any CPU.Build.0 = Debug|Any CPU
		{70F8686C-5DD8-44CA-9FCC-0DAAEC988067}.LocalPublish|Any CPU.ActiveCfg = LocalPublish|Any CPU
		{70F8686C-5DD8-44CA-9FCC-0DAAEC988067}.LocalPublish|Any CPU.Build.0 = LocalPublish|Any CPU
		{70F8686C-5DD8-44CA-9FCC-0DAAEC988067}.Release|Any CPU.ActiveCfg = Release|Any CPU
		{70F8686C-5DD8-44CA-9FCC-0DAAEC988067}.Release|Any CPU.Build.0 = Release|Any CPU
		{7C655E61-3EF9-40E7-A31C-B7BC6A004991}.Debug|Any CPU.ActiveCfg = Debug|Any CPU
		{7C655E61-3EF9-40E7-A31C-B7BC6A004991}.Debug|Any CPU.Build.0 = Debug|Any CPU
		{7C655E61-3EF9-40E7-A31C-B7BC6A004991}.LocalPublish|Any CPU.ActiveCfg = LocalPublish|Any CPU
		{7C655E61-3EF9-40E7-A31C-B7BC6A004991}.LocalPublish|Any CPU.Build.0 = LocalPublish|Any CPU
		{7C655E61-3EF9-40E7-A31C-B7BC6A004991}.Release|Any CPU.ActiveCfg = Release|Any CPU
		{7C655E61-3EF9-40E7-A31C-B7BC6A004991}.Release|Any CPU.Build.0 = Release|Any CPU
		{1253E673-E5CC-4404-AC74-325877CE5A5E}.Debug|Any CPU.ActiveCfg = Debug|Any CPU
		{1253E673-E5CC-4404-AC74-325877CE5A5E}.Debug|Any CPU.Build.0 = Debug|Any CPU
		{1253E673-E5CC-4404-AC74-325877CE5A5E}.LocalPublish|Any CPU.ActiveCfg = Release|Any CPU
		{1253E673-E5CC-4404-AC74-325877CE5A5E}.LocalPublish|Any CPU.Build.0 = Release|Any CPU
		{1253E673-E5CC-4404-AC74-325877CE5A5E}.Release|Any CPU.ActiveCfg = Release|Any CPU
		{1253E673-E5CC-4404-AC74-325877CE5A5E}.Release|Any CPU.Build.0 = Release|Any CPU
		{14737AEC-F9D9-4AD2-AA9B-04B47A6EB0E8}.Debug|Any CPU.ActiveCfg = Debug|Any CPU
		{14737AEC-F9D9-4AD2-AA9B-04B47A6EB0E8}.Debug|Any CPU.Build.0 = Debug|Any CPU
		{14737AEC-F9D9-4AD2-AA9B-04B47A6EB0E8}.LocalPublish|Any CPU.ActiveCfg = LocalPublish|Any CPU
		{14737AEC-F9D9-4AD2-AA9B-04B47A6EB0E8}.LocalPublish|Any CPU.Build.0 = LocalPublish|Any CPU
		{14737AEC-F9D9-4AD2-AA9B-04B47A6EB0E8}.Release|Any CPU.ActiveCfg = Release|Any CPU
		{14737AEC-F9D9-4AD2-AA9B-04B47A6EB0E8}.Release|Any CPU.Build.0 = Release|Any CPU
		{8F041C09-8E16-4523-AC23-DEE437702BB8}.Debug|Any CPU.ActiveCfg = Debug|Any CPU
		{8F041C09-8E16-4523-AC23-DEE437702BB8}.Debug|Any CPU.Build.0 = Debug|Any CPU
		{8F041C09-8E16-4523-AC23-DEE437702BB8}.LocalPublish|Any CPU.ActiveCfg = LocalPublish|Any CPU
		{8F041C09-8E16-4523-AC23-DEE437702BB8}.LocalPublish|Any CPU.Build.0 = LocalPublish|Any CPU
		{8F041C09-8E16-4523-AC23-DEE437702BB8}.Release|Any CPU.ActiveCfg = Release|Any CPU
		{8F041C09-8E16-4523-AC23-DEE437702BB8}.Release|Any CPU.Build.0 = Release|Any CPU
		{E038F52A-BB30-408A-9268-010786D6237D}.Debug|Any CPU.ActiveCfg = Debug|Any CPU
		{E038F52A-BB30-408A-9268-010786D6237D}.Debug|Any CPU.Build.0 = Debug|Any CPU
		{E038F52A-BB30-408A-9268-010786D6237D}.LocalPublish|Any CPU.ActiveCfg = LocalPublish|Any CPU
		{E038F52A-BB30-408A-9268-010786D6237D}.LocalPublish|Any CPU.Build.0 = LocalPublish|Any CPU
		{E038F52A-BB30-408A-9268-010786D6237D}.Release|Any CPU.ActiveCfg = Release|Any CPU
		{E038F52A-BB30-408A-9268-010786D6237D}.Release|Any CPU.Build.0 = Release|Any CPU
		{0C4D988A-2566-420F-88A4-F136AA76F9B4}.Debug|Any CPU.ActiveCfg = Debug|Any CPU
		{0C4D988A-2566-420F-88A4-F136AA76F9B4}.Debug|Any CPU.Build.0 = Debug|Any CPU
		{0C4D988A-2566-420F-88A4-F136AA76F9B4}.LocalPublish|Any CPU.ActiveCfg = LocalPublish|Any CPU
		{0C4D988A-2566-420F-88A4-F136AA76F9B4}.LocalPublish|Any CPU.Build.0 = LocalPublish|Any CPU
		{0C4D988A-2566-420F-88A4-F136AA76F9B4}.Release|Any CPU.ActiveCfg = Release|Any CPU
		{0C4D988A-2566-420F-88A4-F136AA76F9B4}.Release|Any CPU.Build.0 = Release|Any CPU
		{10D4D712-122B-4659-AC63-DC5857E779D7}.Debug|Any CPU.ActiveCfg = Debug|Any CPU
		{10D4D712-122B-4659-AC63-DC5857E779D7}.Debug|Any CPU.Build.0 = Debug|Any CPU
		{10D4D712-122B-4659-AC63-DC5857E779D7}.LocalPublish|Any CPU.ActiveCfg = LocalPublish|Any CPU
		{10D4D712-122B-4659-AC63-DC5857E779D7}.LocalPublish|Any CPU.Build.0 = LocalPublish|Any CPU
		{10D4D712-122B-4659-AC63-DC5857E779D7}.Release|Any CPU.ActiveCfg = Release|Any CPU
		{10D4D712-122B-4659-AC63-DC5857E779D7}.Release|Any CPU.Build.0 = Release|Any CPU
		{935A4FFC-56BF-40AD-AD6A-A663301A4E88}.Debug|Any CPU.ActiveCfg = Debug|Any CPU
		{935A4FFC-56BF-40AD-AD6A-A663301A4E88}.Debug|Any CPU.Build.0 = Debug|Any CPU
		{935A4FFC-56BF-40AD-AD6A-A663301A4E88}.LocalPublish|Any CPU.ActiveCfg = Release|Any CPU
		{935A4FFC-56BF-40AD-AD6A-A663301A4E88}.LocalPublish|Any CPU.Build.0 = Release|Any CPU
		{935A4FFC-56BF-40AD-AD6A-A663301A4E88}.Release|Any CPU.ActiveCfg = Release|Any CPU
		{935A4FFC-56BF-40AD-AD6A-A663301A4E88}.Release|Any CPU.Build.0 = Release|Any CPU
		{BD4907F7-CFFD-4DBD-B9F0-B03985C17765}.Debug|Any CPU.ActiveCfg = Debug|Any CPU
		{BD4907F7-CFFD-4DBD-B9F0-B03985C17765}.Debug|Any CPU.Build.0 = Debug|Any CPU
		{BD4907F7-CFFD-4DBD-B9F0-B03985C17765}.LocalPublish|Any CPU.ActiveCfg = LocalPublish|Any CPU
		{BD4907F7-CFFD-4DBD-B9F0-B03985C17765}.LocalPublish|Any CPU.Build.0 = LocalPublish|Any CPU
		{BD4907F7-CFFD-4DBD-B9F0-B03985C17765}.Release|Any CPU.ActiveCfg = Release|Any CPU
		{BD4907F7-CFFD-4DBD-B9F0-B03985C17765}.Release|Any CPU.Build.0 = Release|Any CPU
		{799D73E5-83EF-4D35-B8DA-0ADA8C279FE2}.Debug|Any CPU.ActiveCfg = Debug|Any CPU
		{799D73E5-83EF-4D35-B8DA-0ADA8C279FE2}.Debug|Any CPU.Build.0 = Debug|Any CPU
		{799D73E5-83EF-4D35-B8DA-0ADA8C279FE2}.LocalPublish|Any CPU.ActiveCfg = Release|Any CPU
		{799D73E5-83EF-4D35-B8DA-0ADA8C279FE2}.LocalPublish|Any CPU.Build.0 = Release|Any CPU
		{799D73E5-83EF-4D35-B8DA-0ADA8C279FE2}.Release|Any CPU.ActiveCfg = Release|Any CPU
		{799D73E5-83EF-4D35-B8DA-0ADA8C279FE2}.Release|Any CPU.Build.0 = Release|Any CPU
		{28378A87-A3F6-40E4-B34E-9540C285FA0A}.Debug|Any CPU.ActiveCfg = Debug|Any CPU
		{28378A87-A3F6-40E4-B34E-9540C285FA0A}.Debug|Any CPU.Build.0 = Debug|Any CPU
		{28378A87-A3F6-40E4-B34E-9540C285FA0A}.LocalPublish|Any CPU.ActiveCfg = Release|Any CPU
		{28378A87-A3F6-40E4-B34E-9540C285FA0A}.LocalPublish|Any CPU.Build.0 = Release|Any CPU
		{28378A87-A3F6-40E4-B34E-9540C285FA0A}.Release|Any CPU.ActiveCfg = Release|Any CPU
		{28378A87-A3F6-40E4-B34E-9540C285FA0A}.Release|Any CPU.Build.0 = Release|Any CPU
	EndGlobalSection
	GlobalSection(SolutionProperties) = preSolution
		HideSolutionNode = FALSE
	EndGlobalSection
	GlobalSection(NestedProjects) = preSolution
		{23CFC9D7-3A3C-4072-9E67-8BB8A8BE2383} = {2A11DBF2-898E-4C9E-9188-9D6466F78345}
		{BD9511F6-42D7-4F04-825C-F2ACFA7A4DC0} = {2A11DBF2-898E-4C9E-9188-9D6466F78345}
		{9BF1599D-611B-48A5-B95A-AB2B8D9B33BE} = {BD9511F6-42D7-4F04-825C-F2ACFA7A4DC0}
		{44760286-25CF-4129-8282-4E139C8DFF27} = {BD9511F6-42D7-4F04-825C-F2ACFA7A4DC0}
		{E05298C1-CA2B-4062-9762-37EED6698CD2} = {2A11DBF2-898E-4C9E-9188-9D6466F78345}
		{B85FB4BF-2A4F-4DFA-98A8-F198171D6A6F} = {E05298C1-CA2B-4062-9762-37EED6698CD2}
		{C8769490-3AFB-444E-8184-ACFE9C6B4C84} = {2A11DBF2-898E-4C9E-9188-9D6466F78345}
		{0FBD8E99-663D-4AD1-94A1-59961E93BA44} = {2A11DBF2-898E-4C9E-9188-9D6466F78345}
		{F58B466A-C5A8-4B0E-97BA-5550C2117FA6} = {0FBD8E99-663D-4AD1-94A1-59961E93BA44}
		{6B875E32-3938-494A-8B7E-D5F2790DA2EF} = {0FBD8E99-663D-4AD1-94A1-59961E93BA44}
		{A258CA39-D339-41EF-8C31-49D2C5E8D6E1} = {2A11DBF2-898E-4C9E-9188-9D6466F78345}
		{ECC359C1-24A6-4BF4-BC80-0000BB3715F6} = {A258CA39-D339-41EF-8C31-49D2C5E8D6E1}
		{92715497-735B-4670-8A65-237EF9912FB7} = {A258CA39-D339-41EF-8C31-49D2C5E8D6E1}
		{335CACFC-ADD3-4D32-8679-35124FD7B081} = {2A11DBF2-898E-4C9E-9188-9D6466F78345}
		{27A982A3-D6B8-499B-9BE7-92F98AD96791} = {335CACFC-ADD3-4D32-8679-35124FD7B081}
		{42349769-5DDB-4A7F-80FE-A4F12CF9C6B0} = {335CACFC-ADD3-4D32-8679-35124FD7B081}
		{86BECEAB-0202-4833-ADBF-00C5F86EA5E7} = {23CFC9D7-3A3C-4072-9E67-8BB8A8BE2383}
		{48892B66-2EE8-4835-A371-D65E9DAF4AF2} = {23CFC9D7-3A3C-4072-9E67-8BB8A8BE2383}
		{E7FD5BD6-6394-497B-964D-C39762010EC1} = {23CFC9D7-3A3C-4072-9E67-8BB8A8BE2383}
		{1B40FD51-67FE-49AC-A321-E2C52BCFD8D0} = {23CFC9D7-3A3C-4072-9E67-8BB8A8BE2383}
		{636D6AB9-5BC8-42B6-852E-7CE69BCDF591} = {2A11DBF2-898E-4C9E-9188-9D6466F78345}
		{14829601-D919-49DF-995C-05548870D71D} = {636D6AB9-5BC8-42B6-852E-7CE69BCDF591}
		{7706EAF9-7B0A-43C6-A0CB-DF895FCE1B54} = {636D6AB9-5BC8-42B6-852E-7CE69BCDF591}
		{731ABF90-3D4E-4507-92FD-FAA9484B6425} = {636D6AB9-5BC8-42B6-852E-7CE69BCDF591}
		{B53D1F23-4991-4751-A7EF-1C300DABF976} = {636D6AB9-5BC8-42B6-852E-7CE69BCDF591}
		{C70ACAB0-D752-4AD4-B975-D280B7344292} = {636D6AB9-5BC8-42B6-852E-7CE69BCDF591}
		{B958C771-C3E7-453C-8A85-6C3969C22511} = {2A11DBF2-898E-4C9E-9188-9D6466F78345}
		{92CFFAB7-145A-4317-8EE9-F14F10600BB9} = {B958C771-C3E7-453C-8A85-6C3969C22511}
		{AAB203DB-881B-4C33-B140-D65BDF20AA4F} = {B958C771-C3E7-453C-8A85-6C3969C22511}
		{4AE50825-D3EC-4127-83C5-5CDC27AD6730} = {B958C771-C3E7-453C-8A85-6C3969C22511}
		{A48B02D4-4EBB-4CED-9FAF-F5F881E8F4B6} = {B958C771-C3E7-453C-8A85-6C3969C22511}
		{34A04FA0-E4D3-4FEA-9E0C-06F235D9D20C} = {B958C771-C3E7-453C-8A85-6C3969C22511}
		{1128B7CA-05FB-4946-987E-9B82EF6602A9} = {2A11DBF2-898E-4C9E-9188-9D6466F78345}
		{9A48DC4B-8552-467A-A852-50BA44019C89} = {2A11DBF2-898E-4C9E-9188-9D6466F78345}
		{00ED12A6-19B7-406B-BF22-EAFEE9EAC8EE} = {9A48DC4B-8552-467A-A852-50BA44019C89}
		{70F8686C-5DD8-44CA-9FCC-0DAAEC988067} = {9A48DC4B-8552-467A-A852-50BA44019C89}
		{D64825C6-4182-47E7-AB1E-65E798F1C7EA} = {2A11DBF2-898E-4C9E-9188-9D6466F78345}
		{7C655E61-3EF9-40E7-A31C-B7BC6A004991} = {D64825C6-4182-47E7-AB1E-65E798F1C7EA}
		{1253E673-E5CC-4404-AC74-325877CE5A5E} = {D64825C6-4182-47E7-AB1E-65E798F1C7EA}
		{14737AEC-F9D9-4AD2-AA9B-04B47A6EB0E8} = {1128B7CA-05FB-4946-987E-9B82EF6602A9}
		{8F041C09-8E16-4523-AC23-DEE437702BB8} = {C8769490-3AFB-444E-8184-ACFE9C6B4C84}
		{A2CAA9A7-A865-4B34-98F0-D47CDE855ECF} = {2A11DBF2-898E-4C9E-9188-9D6466F78345}
		{E038F52A-BB30-408A-9268-010786D6237D} = {A2CAA9A7-A865-4B34-98F0-D47CDE855ECF}
		{0C4D988A-2566-420F-88A4-F136AA76F9B4} = {A2CAA9A7-A865-4B34-98F0-D47CDE855ECF}
		{10D4D712-122B-4659-AC63-DC5857E779D7} = {A2CAA9A7-A865-4B34-98F0-D47CDE855ECF}
		{BD4907F7-CFFD-4DBD-B9F0-B03985C17765} = {A2CAA9A7-A865-4B34-98F0-D47CDE855ECF}
	EndGlobalSection
	GlobalSection(ExtensibilityGlobals) = postSolution
		SolutionGuid = {F355A4EB-8218-45E0-A7FE-54FF59F79EA5}
	EndGlobalSection
EndGlobal
